
Microsoft Visual Studio Solution File, Format Version 12.00
# Visual Studio Version 17
VisualStudioVersion = 17.7.34024.191
MinimumVisualStudioVersion = 10.0.40219.1
Project("{FAE04EC0-301F-11D3-BF4B-00C04F79EFBC}") = "MiddlewaresExample", "MiddlewaresExample\MiddlewaresExample.csproj", "{757442FA-4924-4EBF-866A-881264C85F03}"
EndProject
Global
	GlobalSection(SolutionConfigurationPlatforms) = preSolution
		Debug|Any CPU = Debug|Any CPU
		Release|Any CPU = Release|Any CPU
	EndGlobalSection
	GlobalSection(ProjectConfigurationPlatforms) = postSolution
		{757442FA-4924-4EBF-866A-881264C85F03}.Debug|Any CPU.ActiveCfg = Debug|Any CPU
		{757442FA-4924-4EBF-866A-881264C85F03}.Debug|Any CPU.Build.0 = Debug|Any CPU
		{757442FA-4924-4EBF-866A-881264C85F03}.Release|Any CPU.ActiveCfg = Release|Any CPU
		{757442FA-4924-4EBF-866A-881264C85F03}.Release|Any CPU.Build.0 = Release|Any CPU
	EndGlobalSection
	GlobalSection(SolutionProperties) = preSolution
		HideSolutionNode = FALSE
	EndGlobalSection
	GlobalSection(ExtensibilityGlobals) = postSolution
		SolutionGuid = {52652C5A-724E-4206-80DA-FD8F38BFBF1E}
	EndGlobalSection
EndGlobal
